# THIS IS AN AUTOGENERATED FILE. DO NOT EDIT THIS FILE DIRECTLY.
# yarn lockfile v1


"@bugsnag/browser@^7.11.0":
  version "7.11.0"
  resolved "https://registry.yarnpkg.com/@bugsnag/browser/-/browser-7.11.0.tgz#21866da8a4699ec87a2c908e228af938a3a3c312"
  integrity sha512-iOKXJcZzdl9XsjJnL62S+T4OQZJ21mUMCXXOiMRlLnDCrw30BwD4BoAZ5s3oQ0VE0azrv/CUsXQzU63NUcsb+Q==
  dependencies:
    "@bugsnag/core" "^7.11.0"

"@bugsnag/core@^7.11.0":
  version "7.11.0"
  resolved "https://registry.yarnpkg.com/@bugsnag/core/-/core-7.11.0.tgz#61181c082d2407611b53308fe66f001287e794a4"
  integrity sha512-xCaaONqQEAewifrvHC8v+yqN+Is4WNUcmK+sdeLcSb+ghLQ52y3BQ9nEDYzQxGuJRpv1zW3edCVIB4RN5eunSQ==
  dependencies:
    "@bugsnag/cuid" "^3.0.0"
    "@bugsnag/safe-json-stringify" "^6.0.0"
    error-stack-parser "^2.0.3"
    iserror "0.0.2"
    stack-generator "^2.0.3"

"@bugsnag/cuid@^3.0.0":
  version "3.0.0"
  resolved "https://registry.yarnpkg.com/@bugsnag/cuid/-/cuid-3.0.0.tgz#2ee7642a30aee6dc86f5e7f824653741e42e5c35"
  integrity sha512-LOt8aaBI+KvOQGneBtpuCz3YqzyEAehd1f3nC5yr9TIYW1+IzYKa2xWS4EiMz5pPOnRPHkyyS5t/wmSmN51Gjg==

"@bugsnag/js@7.11.0":
  version "7.11.0"
  resolved "https://registry.yarnpkg.com/@bugsnag/js/-/js-7.11.0.tgz#ce76b261a0a31e631c79c04b235c17db19be58cb"
  integrity sha512-2KQZdiBUQRayrTweMrH8LuT+YFcZSYxPVb+RaAx5J1z3vWWFar7Lw3II34zA4e+zs/7wMSTKll5p+O7Wuz60/A==
  dependencies:
    "@bugsnag/browser" "^7.11.0"
    "@bugsnag/node" "^7.11.0"

"@bugsnag/node@^7.11.0":
  version "7.11.0"
  resolved "https://registry.yarnpkg.com/@bugsnag/node/-/node-7.11.0.tgz#47a97c45706b7cecd681d7c86860d9d5f4242303"
  integrity sha512-hwIG7LTE2lwaIjAes1JxYbjSoih9Eu07MSf+QJoMILY6tJoHMgxJ6v0/8AfldJeEAb753qBtlQLO8Rtr2LKHBA==
  dependencies:
    "@bugsnag/core" "^7.11.0"
    byline "^5.0.0"
    error-stack-parser "^2.0.2"
    iserror "^0.0.2"
    pump "^3.0.0"
    stack-generator "^2.0.3"

"@bugsnag/safe-json-stringify@^6.0.0":
  version "6.0.0"
  resolved "https://registry.yarnpkg.com/@bugsnag/safe-json-stringify/-/safe-json-stringify-6.0.0.tgz#22abdcd83e008c369902976730c34c150148a758"
  integrity sha512-htzFO1Zc57S8kgdRK9mLcPVTW1BY2ijfH7Dk2CeZmspTWKdKqSo1iwmqrq2WtRjFlo8aRZYgLX0wFrDXF/9DLA==

axios@0.21.1:
  version "0.21.1"
  resolved "https://registry.yarnpkg.com/axios/-/axios-0.21.1.tgz#22563481962f4d6bde9a76d516ef0e5d3c09b2b8"
  integrity sha512-dKQiRHxGD9PPRIUNIWvZhPTPpl1rf/OxTYKsqKUDjBwYylTvV7SjSHJb9ratfyzM6wCdLCOYLzs73qpg5c4iGA==
  dependencies:
    follow-redirects "^1.10.0"

byline@^5.0.0:
  version "5.0.0"
  resolved "https://registry.yarnpkg.com/byline/-/byline-5.0.0.tgz#741c5216468eadc457b03410118ad77de8c1ddb1"
  integrity sha1-dBxSFkaOrcRXsDQQEYrXfejB3bE=

cerebro-command-router@1.0.0:
  version "1.0.0"
  resolved "https://registry.yarnpkg.com/cerebro-command-router/-/cerebro-command-router-1.0.0.tgz#c9ab37e56b90be304474df40229a3ddfbf92e7a5"
  integrity sha512-wqayWt6jMLfjv0hvveHuAaPVpqAbOt9ecGWePX31HEBdQu1SnTjQWgDKpJBm6VYpi+jXodYWA0/ONJ+B/VeyOw==

end-of-stream@^1.1.0:
  version "1.4.4"
  resolved "https://registry.yarnpkg.com/end-of-stream/-/end-of-stream-1.4.4.tgz#5ae64a5f45057baf3626ec14da0ca5e4b2431eb0"
  integrity sha512-+uw1inIHVPQoaVuHzRyXd21icM+cnt4CzD5rW+NC1wjOUSTOs+Te7FOv7AhN7vS9x/oIyhLP5PR1H+phQAHu5Q==
  dependencies:
    once "^1.4.0"

error-stack-parser@^2.0.2, error-stack-parser@^2.0.3:
  version "2.0.6"
  resolved "https://registry.yarnpkg.com/error-stack-parser/-/error-stack-parser-2.0.6.tgz#5a99a707bd7a4c58a797902d48d82803ede6aad8"
  integrity sha512-d51brTeqC+BHlwF0BhPtcYgF5nlzf9ZZ0ZIUQNZpc9ZB9qw5IJ2diTrBY9jlCJkTLITYPjmiX6OWCwH+fuyNgQ==
  dependencies:
    stackframe "^1.1.1"

follow-redirects@^1.10.0:
  version "1.14.1"
  resolved "https://registry.yarnpkg.com/follow-redirects/-/follow-redirects-1.14.1.tgz#d9114ded0a1cfdd334e164e6662ad02bfd91ff43"
  integrity sha512-HWqDgT7ZEkqRzBvc2s64vSZ/hfOceEol3ac/7tKwzuvEyWx3/4UegXh5oBOIotkGsObyk3xznnSRVADBgWSQVg==

iserror@0.0.2, iserror@^0.0.2:
  version "0.0.2"
  resolved "https://registry.yarnpkg.com/iserror/-/iserror-0.0.2.tgz#bd53451fe2f668b9f2402c1966787aaa2c7c0bf5"
  integrity sha1-vVNFH+L2aLnyQCwZZnh6qix8C/U=

"js-tokens@^3.0.0 || ^4.0.0":
  version "4.0.0"
  resolved "https://registry.yarnpkg.com/js-tokens/-/js-tokens-4.0.0.tgz#19203fb59991df98e3a287050d4647cdeaf32499"
  integrity sha512-RdJUflcE3cUzKiMqQgsCu06FPu9UdIJO0beYbPhHN4k6apgJtifcoCtT9bcxOpYBtpD2kCM6Sbzg4CausW/PKQ==

loose-envify@^1.1.0:
  version "1.4.0"
  resolved "https://registry.yarnpkg.com/loose-envify/-/loose-envify-1.4.0.tgz#71ee51fa7be4caec1a63839f7e682d8132d30caf"
  integrity sha512-lyuxPGr/Wfhrlem2CL/UcnUc1zcqKAImBDzukY7Y5F/yQiNdko6+fRLevlw1HgMySw7f611UIY408EtxRSoK3Q==
  dependencies:
    js-tokens "^3.0.0 || ^4.0.0"

lru-cache@^6.0.0:
  version "6.0.0"
  resolved "https://registry.yarnpkg.com/lru-cache/-/lru-cache-6.0.0.tgz#6d6fe6570ebd96aaf90fcad1dafa3b2566db3a94"
  integrity sha512-Jo6dJ04CmSjuznwJSS3pUeWmd/H0ffTlkXXgwZi+eq1UCmqQwCh+eLsYOYCwY991i2Fah4h1BEMCx4qThGbsiA==
  dependencies:
    yallist "^4.0.0"

moment@2.29.1:
  version "2.29.1"
  resolved "https://registry.yarnpkg.com/moment/-/moment-2.29.1.tgz#b2be769fa31940be9eeea6469c075e35006fa3d3"
  integrity sha512-kHmoybcPV8Sqy59DwNDY3Jefr64lK/by/da0ViFcuA4DH0vQg5Q6Ze5VimxkfQNSC+Mls/Kx53s7TjP1RhFEDQ==

object-assign@^4.1.1:
  version "4.1.1"
  resolved "https://registry.yarnpkg.com/object-assign/-/object-assign-4.1.1.tgz#2109adc7965887cfc05cbbd442cac8bfbb360863"
  integrity sha1-IQmtx5ZYh8/AXLvUQsrIv7s2CGM=

once@^1.3.1, once@^1.4.0:
  version "1.4.0"
  resolved "https://registry.yarnpkg.com/once/-/once-1.4.0.tgz#583b1aa775961d4b113ac17d9c50baef9dd76bd1"
  integrity sha1-WDsap3WWHUsROsF9nFC6753Xa9E=
  dependencies:
    wrappy "1"

pump@^3.0.0:
  version "3.0.0"
  resolved "https://registry.yarnpkg.com/pump/-/pump-3.0.0.tgz#b4a2116815bde2f4e1ea602354e8c75565107a64"
  integrity sha512-LwZy+p3SFs1Pytd/jYct4wpv49HiYCqd9Rlc5ZVdk0V+8Yzv6jR5Blk3TRmPL1ft69TxP0IMZGJ+WPFU2BFhww==
  dependencies:
    end-of-stream "^1.1.0"
    once "^1.3.1"

react@17.0.2:
  version "17.0.2"
  resolved "https://registry.yarnpkg.com/react/-/react-17.0.2.tgz#d0b5cc516d29eb3eee383f75b62864cfb6800037"
  integrity sha512-gnhPt75i/dq/z3/6q/0asP78D0u592D5L1pd7M8P+dck6Fu/jJeL6iVVK23fptSUZj8Vjf++7wXA8UNclGQcbA==
  dependencies:
    loose-envify "^1.1.0"
    object-assign "^4.1.1"

semver@7.3.5:
  version "7.3.5"
  resolved "https://registry.yarnpkg.com/semver/-/semver-7.3.5.tgz#0b621c879348d8998e4b0e4be94b3f12e6018ef7"
  integrity sha512-PoeGJYh8HK4BTO/a9Tf6ZG3veo/A7ZVsYrSA6J8ny9nb3B1VrpkuN+z9OE5wfE5p6H4LchYZsegiQgbJD94ZFQ==
  dependencies:
    lru-cache "^6.0.0"

stack-generator@^2.0.3:
  version "2.0.5"
  resolved "https://registry.yarnpkg.com/stack-generator/-/stack-generator-2.0.5.tgz#fb00e5b4ee97de603e0773ea78ce944d81596c36"
  integrity sha512-/t1ebrbHkrLrDuNMdeAcsvynWgoH/i4o8EGGfX7dEYDoTXOYVAkEpFdtshlvabzc6JlJ8Kf9YdFEoz7JkzGN9Q==
  dependencies:
    stackframe "^1.1.1"

stackframe@^1.1.1:
  version "1.2.0"
  resolved "https://registry.yarnpkg.com/stackframe/-/stackframe-1.2.0.tgz#52429492d63c62eb989804c11552e3d22e779303"
  integrity sha512-GrdeshiRmS1YLMYgzF16olf2jJ/IzxXY9lhKOskuVziubpTYcYqyOwYeJKzQkwy7uN0fYSsbsC4RQaXf9LCrYA==

todoist-rest-client@0.0.5:
  version "0.0.5"
  resolved "https://registry.yarnpkg.com/todoist-rest-client/-/todoist-rest-client-0.0.5.tgz#cd5e0a8cfd48b287a64d890f6efafa7f689619fa"
  integrity sha512-Bb3cczb+Il3Ti67T8J0dWJtUrp/CLsYMV+s24JA+AKUsEWe8lS34jTt4KUGoexlyAXMjZQ0llllOQm4H7wLMKQ==
  dependencies:
    axios "0.21.1"

wrappy@1:
  version "1.0.2"
  resolved "https://registry.yarnpkg.com/wrappy/-/wrappy-1.0.2.tgz#b5243d8f3ec1aa35f1364605bc0d1036e30ab69f"
  integrity sha1-tSQ9jz7BqjXxNkYFvA0QNuMKtp8=

yallist@^4.0.0:
  version "4.0.0"
  resolved "https://registry.yarnpkg.com/yallist/-/yallist-4.0.0.tgz#9bb92790d9c0effec63be73519e11a35019a3a72"
  integrity sha512-3wdGidZyq5PB084XLES5TpOSRA3wjXAlIWMhum2kRcv/41Sn2emQ0dycQW4uZXLejwKvg6EsvbdlVL+FYEct7A==
